// !$*UTF8*$!
{
	archiveVersion = 1;
	classes = {
	};
	objectVersion = 46;
	objects = {

/* Begin PBXBuildFile section */
		76D4DD481B0E274300E4773F /* AppDelegate.swift in Sources */ = {isa = PBXBuildFile; fileRef = 76D4DD471B0E274300E4773F /* AppDelegate.swift */; };
		76D4DD4A1B0E274300E4773F /* ViewController.swift in Sources */ = {isa = PBXBuildFile; fileRef = 76D4DD491B0E274300E4773F /* ViewController.swift */; };
		76D4DD4D1B0E274300E4773F /* Main.storyboard in Resources */ = {isa = PBXBuildFile; fileRef = 76D4DD4B1B0E274300E4773F /* Main.storyboard */; };
		76D4DD4F1B0E274300E4773F /* Images.xcassets in Resources */ = {isa = PBXBuildFile; fileRef = 76D4DD4E1B0E274300E4773F /* Images.xcassets */; };
		76D4DD521B0E274300E4773F /* LaunchScreen.xib in Resources */ = {isa = PBXBuildFile; fileRef = 76D4DD501B0E274300E4773F /* LaunchScreen.xib */; };
		76D4DD5E1B0E274300E4773F /* SelfieTests.swift in Sources */ = {isa = PBXBuildFile; fileRef = 76D4DD5D1B0E274300E4773F /* SelfieTests.swift */; };
		76D4DD681B0E274E00E4773F /* Social.framework in Frameworks */ = {isa = PBXBuildFile; fileRef = 76D4DD671B0E274E00E4773F /* Social.framework */; };
		76D4DD6A1B0E275500E4773F /* MobileCoreServices.framework in Frameworks */ = {isa = PBXBuildFile; fileRef = 76D4DD691B0E275500E4773F /* MobileCoreServices.framework */; };
/* End PBXBuildFile section */

/* Begin PBXContainerItemProxy section */
		76D4DD581B0E274300E4773F /* PBXContainerItemProxy */ = {
			isa = PBXContainerItemProxy;
			containerPortal = 76D4DD3A1B0E274300E4773F /* Project object */;
			proxyType = 1;
			remoteGlobalIDString = 76D4DD411B0E274300E4773F;
			remoteInfo = Selfie;
		};
/* End PBXContainerItemProxy section */

/* Begin PBXFileReference section */
		76D4DD421B0E274300E4773F /* Selfie.app */ = {isa = PBXFileReference; explicitFileType = wrapper.application; includeInIndex = 0; path = Selfie.app; sourceTree = BUILT_PRODUCTS_DIR; };
		76D4DD461B0E274300E4773F /* Info.plist */ = {isa = PBXFileReference; lastKnownFileType = text.plist.xml; path = Info.plist; sourceTree = "<group>"; };
		76D4DD471B0E274300E4773F /* AppDelegate.swift */ = {isa = PBXFileReference; lastKnownFileType = sourcecode.swift; path = AppDelegate.swift; sourceTree = "<group>"; };
		76D4DD491B0E274300E4773F /* ViewController.swift */ = {isa = PBXFileReference; lastKnownFileType = sourcecode.swift; path = ViewController.swift; sourceTree = "<group>"; };
		76D4DD4C1B0E274300E4773F /* Base */ = {isa = PBXFileReference; lastKnownFileType = file.storyboard; name = Base; path = Base.lproj/Main.storyboard; sourceTree = "<group>"; };
		76D4DD4E1B0E274300E4773F /* Images.xcassets */ = {isa = PBXFileReference; lastKnownFileType = folder.assetcatalog; path = Images.xcassets; sourceTree = "<group>"; };
		76D4DD511B0E274300E4773F /* Base */ = {isa = PBXFileReference; lastKnownFileType = file.xib; name = Base; path = Base.lproj/LaunchScreen.xib; sourceTree = "<group>"; };
		76D4DD571B0E274300E4773F /* SelfieTests.xctest */ = {isa = PBXFileReference; explicitFileType = wrapper.cfbundle; includeInIndex = 0; path = SelfieTests.xctest; sourceTree = BUILT_PRODUCTS_DIR; };
		76D4DD5C1B0E274300E4773F /* Info.plist */ = {isa = PBXFileReference; lastKnownFileType = text.plist.xml; path = Info.plist; sourceTree = "<group>"; };
		76D4DD5D1B0E274300E4773F /* SelfieTests.swift */ = {isa = PBXFileReference; lastKnownFileType = sourcecode.swift; path = SelfieTests.swift; sourceTree = "<group>"; };
		76D4DD671B0E274E00E4773F /* Social.framework */ = {isa = PBXFileReference; lastKnownFileType = wrapper.framework; name = Social.framework; path = System/Library/Frameworks/Social.framework; sourceTree = SDKROOT; };
		76D4DD691B0E275500E4773F /* MobileCoreServices.framework */ = {isa = PBXFileReference; lastKnownFileType = wrapper.framework; name = MobileCoreServices.framework; path = System/Library/Frameworks/MobileCoreServices.framework; sourceTree = SDKROOT; };
/* End PBXFileReference section */

/* Begin PBXFrameworksBuildPhase section */
		76D4DD3F1B0E274300E4773F /* Frameworks */ = {
			isa = PBXFrameworksBuildPhase;
			buildActionMask = 2147483647;
			files = (
				76D4DD6A1B0E275500E4773F /* MobileCoreServices.framework in Frameworks */,
				76D4DD681B0E274E00E4773F /* Social.framework in Frameworks */,
			);
			runOnlyForDeploymentPostprocessing = 0;
		};
		76D4DD541B0E274300E4773F /* Frameworks */ = {
			isa = PBXFrameworksBuildPhase;
			buildActionMask = 2147483647;
			files = (
			);
			runOnlyForDeploymentPostprocessing = 0;
		};
/* End PBXFrameworksBuildPhase section */

/* Begin PBXGroup section */
		76D4DD391B0E274300E4773F = {
			isa = PBXGroup;
			children = (
				76D4DD691B0E275500E4773F /* MobileCoreServices.framework */,
				76D4DD671B0E274E00E4773F /* Social.framework */,
				76D4DD441B0E274300E4773F /* Selfie */,
				76D4DD5A1B0E274300E4773F /* SelfieTests */,
				76D4DD431B0E274300E4773F /* Products */,
			);
			sourceTree = "<group>";
		};
		76D4DD431B0E274300E4773F /* Products */ = {
			isa = PBXGroup;
			children = (
				76D4DD421B0E274300E4773F /* Selfie.app */,
				76D4DD571B0E274300E4773F /* SelfieTests.xctest */,
			);
			name = Products;
			sourceTree = "<group>";
		};
		76D4DD441B0E274300E4773F /* Selfie */ = {
			isa = PBXGroup;
			children = (
				76D4DD471B0E274300E4773F /* AppDelegate.swift */,
				76D4DD491B0E274300E4773F /* ViewController.swift */,
				76D4DD4B1B0E274300E4773F /* Main.storyboard */,
				76D4DD4E1B0E274300E4773F /* Images.xcassets */,
				76D4DD501B0E274300E4773F /* LaunchScreen.xib */,
				76D4DD451B0E274300E4773F /* Supporting Files */,
			);
			path = Selfie;
			sourceTree = "<group>";
		};
		76D4DD451B0E274300E4773F /* Supporting Files */ = {
			isa = PBXGroup;
			children = (
				76D4DD461B0E274300E4773F /* Info.plist */,
			);
			name = "Supporting Files";
			sourceTree = "<group>";
		};
		76D4DD5A1B0E274300E4773F /* SelfieTests */ = {
			isa = PBXGroup;
			children = (
				76D4DD5D1B0E274300E4773F /* SelfieTests.swift */,
				76D4DD5B1B0E274300E4773F /* Supporting Files */,
			);
			path = SelfieTests;
			sourceTree = "<group>";
		};
		76D4DD5B1B0E274300E4773F /* Supporting Files */ = {
			isa = PBXGroup;
			children = (
				76D4DD5C1B0E274300E4773F /* Info.plist */,
			);
			name = "Supporting Files";
			sourceTree = "<group>";
		};
/* End PBXGroup section */

/* Begin PBXNativeTarget section */
		76D4DD411B0E274300E4773F /* Selfie */ = {
			isa = PBXNativeTarget;
			buildConfigurationList = 76D4DD611B0E274300E4773F /* Build configuration list for PBXNativeTarget "Selfie" */;
			buildPhases = (
				76D4DD3E1B0E274300E4773F /* Sources */,
				76D4DD3F1B0E274300E4773F /* Frameworks */,
				76D4DD401B0E274300E4773F /* Resources */,
			);
			buildRules = (
			);
			dependencies = (
			);
			name = Selfie;
			productName = Selfie;
			productReference = 76D4DD421B0E274300E4773F /* Selfie.app */;
			productType = "com.apple.product-type.application";
		};
		76D4DD561B0E274300E4773F /* SelfieTests */ = {
			isa = PBXNativeTarget;
			buildConfigurationList = 76D4DD641B0E274300E4773F /* Build configuration list for PBXNativeTarget "SelfieTests" */;
			buildPhases = (
				76D4DD531B0E274300E4773F /* Sources */,
				76D4DD541B0E274300E4773F /* Frameworks */,
				76D4DD551B0E274300E4773F /* Resources */,
			);
			buildRules = (
			);
			dependencies = (
				76D4DD591B0E274300E4773F /* PBXTargetDependency */,
			);
			name = SelfieTests;
			productName = SelfieTests;
			productReference = 76D4DD571B0E274300E4773F /* SelfieTests.xctest */;
			productType = "com.apple.product-type.bundle.unit-test";
		};
/* End PBXNativeTarget section */

/* Begin PBXProject section */
		76D4DD3A1B0E274300E4773F /* Project object */ = {
			isa = PBXProject;
			attributes = {
				LastUpgradeCheck = 0630;
				ORGANIZATIONNAME = "徐磊";
				TargetAttributes = {
					76D4DD411B0E274300E4773F = {
						CreatedOnToolsVersion = 6.3.2;
					};
					76D4DD561B0E274300E4773F = {
						CreatedOnToolsVersion = 6.3.2;
						TestTargetID = 76D4DD411B0E274300E4773F;
					};
				};
			};
			buildConfigurationList = 76D4DD3D1B0E274300E4773F /* Build configuration list for PBXProject "Selfie" */;
			compatibilityVersion = "Xcode 3.2";
			developmentRegion = English;
			hasScannedForEncodings = 0;
			knownRegions = (
				en,
				Base,
			);
			mainGroup = 76D4DD391B0E274300E4773F;
			productRefGroup = 76D4DD431B0E274300E4773F /* Products */;
			projectDirPath = "";
			projectRoot = "";
			targets = (
				76D4DD411B0E274300E4773F /* Selfie */,
				76D4DD561B0E274300E4773F /* SelfieTests */,
			);
		};
/* End PBXProject section */

/* Begin PBXResourcesBuildPhase section */
		76D4DD401B0E274300E4773F /* Resources */ = {
			isa = PBXResourcesBuildPhase;
			buildActionMask = 2147483647;
			files = (
				76D4DD4D1B0E274300E4773F /* Main.storyboard in Resources */,
				76D4DD521B0E274300E4773F /* LaunchScreen.xib in Resources */,
				76D4DD4F1B0E274300E4773F /* Images.xcassets in Resources */,
			);
			runOnlyForDeploymentPostprocessing = 0;
		};
		76D4DD551B0E274300E4773F /* Resources */ = {
			isa = PBXResourcesBuildPhase;
			buildActionMask = 2147483647;
			files = (
			);
			runOnlyForDeploymentPostprocessing = 0;
		};
/* End PBXResourcesBuildPhase section */

/* Begin PBXSourcesBuildPhase section */
		76D4DD3E1B0E274300E4773F /* Sources */ = {
			isa = PBXSourcesBuildPhase;
			buildActionMask = 2147483647;
			files = (
				76D4DD4A1B0E274300E4773F /* ViewController.swift in Sources */,
				76D4DD481B0E274300E4773F /* AppDelegate.swift in Sources */,
			);
			runOnlyForDeploymentPostprocessing = 0;
		};
		76D4DD531B0E274300E4773F /* Sources */ = {
			isa = PBXSourcesBuildPhase;
			buildActionMask = 2147483647;
			files = (
				76D4DD5E1B0E274300E4773F /* SelfieTests.swift in Sources */,
			);
			runOnlyForDeploymentPostprocessing = 0;
		};
/* End PBXSourcesBuildPhase section */

/* Begin PBXTargetDependency section */
		76D4DD591B0E274300E4773F /* PBXTargetDependency */ = {
			isa = PBXTargetDependency;
			target = 76D4DD411B0E274300E4773F /* Selfie */;
			targetProxy = 76D4DD581B0E274300E4773F /* PBXContainerItemProxy */;
		};
/* End PBXTargetDependency section */

/* Begin PBXVariantGroup section */
		76D4DD4B1B0E274300E4773F /* Main.storyboard */ = {
			isa = PBXVariantGroup;
			children = (
				76D4DD4C1B0E274300E4773F /* Base */,
			);
			name = Main.storyboard;
			sourceTree = "<group>";
		};
		76D4DD501B0E274300E4773F /* LaunchScreen.xib */ = {
			isa = PBXVariantGroup;
			children = (
				76D4DD511B0E274300E4773F /* Base */,
			);
			name = LaunchScreen.xib;
			sourceTree = "<group>";
		};
/* End PBXVariantGroup section */

/* Begin XCBuildConfiguration section */
		76D4DD5F1B0E274300E4773F /* Debug */ = {
			isa = XCBuildConfiguration;
			buildSettings = {
				ALWAYS_SEARCH_USER_PATHS = NO;
				CLANG_CXX_LANGUAGE_STANDARD = "gnu++0x";
				CLANG_CXX_LIBRARY = "libc++";
				CLANG_ENABLE_MODULES = YES;
				CLANG_ENABLE_OBJC_ARC = YES;
				CLANG_WARN_BOOL_CONVERSION = YES;
				CLANG_WARN_CONSTANT_CONVERSION = YES;
				CLANG_WARN_DIRECT_OBJC_ISA_USAGE = YES_ERROR;
				CLANG_WARN_EMPTY_BODY = YES;
				CLANG_WARN_ENUM_CONVERSION = YES;
				CLANG_WARN_INT_CONVERSION = YES;
				CLANG_WARN_OBJC_ROOT_CLASS = YES_ERROR;
				CLANG_WARN_UNREACHABLE_CODE = YES;
				CLANG_WARN__DUPLICATE_METHOD_MATCH = YES;
				"CODE_SIGN_IDENTITY[sdk=iphoneos*]" = "iPhone Developer";
				COPY_PHASE_STRIP = NO;
				DEBUG_INFORMATION_FORMAT = "dwarf-with-dsym";
				ENABLE_STRICT_OBJC_MSGSEND = YES;
				GCC_C_LANGUAGE_STANDARD = gnu99;
				GCC_DYNAMIC_NO_PIC = NO;
				GCC_NO_COMMON_BLOCKS = YES;
				GCC_OPTIMIZATION_LEVEL = 0;
				GCC_PREPROCESSOR_DEFINITIONS = (
					"DEBUG=1",
					"$(inherited)",
				);
				GCC_SYMBOLS_PRIVATE_EXTERN = NO;
				GCC_WARN_64_TO_32_BIT_CONVERSION = YES;
				GCC_WARN_ABOUT_RETURN_TYPE = YES_ERROR;
				GCC_WARN_UNDECLARED_SELECTOR = YES;
				GCC_WARN_UNINITIALIZED_AUTOS = YES_AGGRESSIVE;
				GCC_WARN_UNUSED_FUNCTION = YES;
				GCC_WARN_UNUSED_VARIABLE = YES;
				IPHONEOS_DEPLOYMENT_TARGET = 8.3;
				MTL_ENABLE_DEBUG_INFO = YES;
				ONLY_ACTIVE_ARCH = YES;
				SDKROOT = iphoneos;
				SWIFT_OPTIMIZATION_LEVEL = "-Onone";
			};
			name = Debug;
		};
		76D4DD601B0E274300E4773F /* Release */ = {
			isa = XCBuildConfiguration;
			buildSettings = {
				ALWAYS_SEARCH_USER_PATHS = NO;
				CLANG_CXX_LANGUAGE_STANDARD = "gnu++0x";
				CLANG_CXX_LIBRARY = "libc++";
				CLANG_ENABLE_MODULES = YES;
				CLANG_ENABLE_OBJC_ARC = YES;
				CLANG_WARN_BOOL_CONVERSION = YES;
				CLANG_WARN_CONSTANT_CONVERSION = YES;
				CLANG_WARN_DIRECT_OBJC_ISA_USAGE = YES_ERROR;
				CLANG_WARN_EMPTY_BODY = YES;
				CLANG_WARN_ENUM_CONVERSION = YES;
				CLANG_WARN_INT_CONVERSION = YES;
				CLANG_WARN_OBJC_ROOT_CLASS = YES_ERROR;
				CLANG_WARN_UNREACHABLE_CODE = YES;
				CLANG_WARN__DUPLICATE_METHOD_MATCH = YES;
				"CODE_SIGN_IDENTITY[sdk=iphoneos*]" = "iPhone Developer";
				COPY_PHASE_STRIP = NO;
				DEBUG_INFORMATION_FORMAT = "dwarf-with-dsym";
				ENABLE_NS_ASSERTIONS = NO;
				ENABLE_STRICT_OBJC_MSGSEND = YES;
				GCC_C_LANGUAGE_STANDARD = gnu99;
				GCC_NO_COMMON_BLOCKS = YES;
				GCC_WARN_64_TO_32_BIT_CONVERSION = YES;
				GCC_WARN_ABOUT_RETURN_TYPE = YES_ERROR;
				GCC_WARN_UNDECLARED_SELECTOR = YES;
				GCC_WARN_UNINITIALIZED_AUTOS = YES_AGGRESSIVE;
				GCC_WARN_UNUSED_FUNCTION = YES;
				GCC_WARN_UNUSED_VARIABLE = YES;
				IPHONEOS_DEPLOYMENT_TARGET = 8.3;
				MTL_ENABLE_DEBUG_INFO = NO;
				SDKROOT = iphoneos;
				VALIDATE_PRODUCT = YES;
			};
			name = Release;
		};
		76D4DD621B0E274300E4773F /* Debug */ = {
			isa = XCBuildConfiguration;
			buildSettings = {
				ASSETCATALOG_COMPILER_APPICON_NAME = AppIcon;
				INFOPLIST_FILE = Selfie/Info.plist;
				LD_RUNPATH_SEARCH_PATHS = "$(inherited) @executable_path/Frameworks";
				PRODUCT_NAME = "$(TARGET_NAME)";
			};
			name = Debug;
		};
		76D4DD631B0E274300E4773F /* Release */ = {
			isa = XCBuildConfiguration;
			buildSettings = {
				ASSETCATALOG_COMPILER_APPICON_NAME = AppIcon;
				INFOPLIST_FILE = Selfie/Info.plist;
				LD_RUNPATH_SEARCH_PATHS = "$(inherited) @executable_path/Frameworks";
				PRODUCT_NAME = "$(TARGET_NAME)";
			};
			name = Release;
		};
		76D4DD651B0E274300E4773F /* Debug */ = {
			isa = XCBuildConfiguration;
			buildSettings = {
				BUNDLE_LOADER = "$(TEST_HOST)";
				FRAMEWORK_SEARCH_PATHS = (
					"$(SDKROOT)/Developer/Library/Frameworks",
					"$(inherited)",
				);
				GCC_PREPROCESSOR_DEFINITIONS = (
					"DEBUG=1",
					"$(inherited)",
				);
				INFOPLIST_FILE = SelfieTests/Info.plist;
				LD_RUNPATH_SEARCH_PATHS = "$(inherited) @executable_path/Frameworks @loader_path/Frameworks";
				PRODUCT_NAME = "$(TARGET_NAME)";
				TEST_HOST = "$(BUILT_PRODUCTS_DIR)/Selfie.app/Selfie";
			};
			name = Debug;
		};
		76D4DD661B0E274300E4773F /* Release */ = {
			isa = XCBuildConfiguration;
			buildSettings = {
				BUNDLE_LOADER = "$(TEST_HOST)";
				FRAMEWORK_SEARCH_PATHS = (
					"$(SDKROOT)/Developer/Library/Frameworks",
					"$(inherited)",
				);
				INFOPLIST_FILE = SelfieTests/Info.plist;
				LD_RUNPATH_SEARCH_PATHS = "$(inherited) @executable_path/Frameworks @loader_path/Frameworks";
				PRODUCT_NAME = "$(TARGET_NAME)";
				TEST_HOST = "$(BUILT_PRODUCTS_DIR)/Selfie.app/Selfie";
			};
			name = Release;
		};
/* End XCBuildConfiguration section */

/* Begin XCConfigurationList section */
		76D4DD3D1B0E274300E4773F /* Build configuration list for PBXProject "Selfie" */ = {
			isa = XCConfigurationList;
			buildConfigurations = (
				76D4DD5F1B0E274300E4773F /* Debug */,
				76D4DD601B0E274300E4773F /* Release */,
			);
			defaultConfigurationIsVisible = 0;
			defaultConfigurationName = Release;
		};
		76D4DD611B0E274300E4773F /* Build configuration list for PBXNativeTarget "Selfie" */ = {
			isa = XCConfigurationList;
			buildConfigurations = (
				76D4DD621B0E274300E4773F /* Debug */,
				76D4DD631B0E274300E4773F /* Release */,
			);
			defaultConfigurationIsVisible = 0;
		};
		76D4DD641B0E274300E4773F /* Build configuration list for PBXNativeTarget "SelfieTests" */ = {
			isa = XCConfigurationList;
			buildConfigurations = (
				76D4DD651B0E274300E4773F /* Debug */,
				76D4DD661B0E274300E4773F /* Release */,
			);
			defaultConfigurationIsVisible = 0;
		};
/* End XCConfigurationList section */
	};
	rootObject = 76D4DD3A1B0E274300E4773F /* Project object */;
}
